
Microsoft Visual Studio Solution File, Format Version 12.00
# Visual Studio Version 17
VisualStudioVersion = 17.14.36811.4 d17.14
MinimumVisualStudioVersion = 10.0.40219.1
Project("{FAE04EC0-301F-11D3-BF4B-00C04F79EFBC}") = "assessment-erionshahini-API", "assessment-erionshahini-API\assessment-erionshahini-API.csproj", "{0CA179A0-BE6F-4B9A-9084-AE0AD26AA619}"
EndProject
Project("{FAE04EC0-301F-11D3-BF4B-00C04F79EFBC}") = "assessment-erionshahini-Layout", "assessment-erionshahini-Layout\assessment-erionshahini-Layout.csproj", "{6C63EA94-9169-4FC1-91F5-3CE26B5A780D}"
EndProject
Global
	GlobalSection(SolutionConfigurationPlatforms) = preSolution
		Debug|Any CPU = Debug|Any CPU
		Release|Any CPU = Release|Any CPU
	EndGlobalSection
	GlobalSection(ProjectConfigurationPlatforms) = postSolution
		{0CA179A0-BE6F-4B9A-9084-AE0AD26AA619}.Debug|Any CPU.ActiveCfg = Debug|Any CPU
		{0CA179A0-BE6F-4B9A-9084-AE0AD26AA619}.Debug|Any CPU.Build.0 = Debug|Any CPU
		{0CA179A0-BE6F-4B9A-9084-AE0AD26AA619}.Release|Any CPU.ActiveCfg = Release|Any CPU
		{0CA179A0-BE6F-4B9A-9084-AE0AD26AA619}.Release|Any CPU.Build.0 = Release|Any CPU
		{6C63EA94-9169-4FC1-91F5-3CE26B5A780D}.Debug|Any CPU.ActiveCfg = Debug|Any CPU
		{6C63EA94-9169-4FC1-91F5-3CE26B5A780D}.Debug|Any CPU.Build.0 = Debug|Any CPU
		{6C63EA94-9169-4FC1-91F5-3CE26B5A780D}.Release|Any CPU.ActiveCfg = Release|Any CPU
		{6C63EA94-9169-4FC1-91F5-3CE26B5A780D}.Release|Any CPU.Build.0 = Release|Any CPU
	EndGlobalSection
	GlobalSection(SolutionProperties) = preSolution
		HideSolutionNode = FALSE
	EndGlobalSection
	GlobalSection(ExtensibilityGlobals) = postSolution
		SolutionGuid = {EEFFFCD1-73EF-446B-A25F-EE34FBA4E60A}
	EndGlobalSection
EndGlobal
